
Microsoft Visual Studio Solution File, Format Version 12.00
# Visual Studio 15
VisualStudioVersion = 15.0.28010.2050
MinimumVisualStudioVersion = 10.0.40219.1
Project("{FAE04EC0-301F-11D3-BF4B-00C04F79EFBC}") = "Project_Authentication", "Project_Authentication\Project_Authentication.csproj", "{AC1BCC3A-0720-4437-A62A-314429832AC5}"
EndProject
Global
	GlobalSection(SolutionConfigurationPlatforms) = preSolution
		Debug|Any CPU = Debug|Any CPU
		Release|Any CPU = Release|Any CPU
	EndGlobalSection
	GlobalSection(ProjectConfigurationPlatforms) = postSolution
		{AC1BCC3A-0720-4437-A62A-314429832AC5}.Debug|Any CPU.ActiveCfg = Debug|Any CPU
		{AC1BCC3A-0720-4437-A62A-314429832AC5}.Debug|Any CPU.Build.0 = Debug|Any CPU
		{AC1BCC3A-0720-4437-A62A-314429832AC5}.Release|Any CPU.ActiveCfg = Release|Any CPU
		{AC1BCC3A-0720-4437-A62A-314429832AC5}.Release|Any CPU.Build.0 = Release|Any CPU
	EndGlobalSection
	GlobalSection(SolutionProperties) = preSolution
		HideSolutionNode = FALSE
	EndGlobalSection
	GlobalSection(ExtensibilityGlobals) = postSolution
		SolutionGuid = {136C8573-98FE-430E-AF3E-76CFC3EC1555}
	EndGlobalSection
EndGlobal
